{
  "version": 1,
  "dependencies": {
    ".NETFramework,Version=v4.8": {
      "Microsoft.SourceLink.GitHub": {
        "type": "Direct",
        "requested": "[8.0.0, )",
        "resolved": "8.0.0",
        "contentHash": "G5q7OqtwIyGTkeIOAc3u2ZuV/kicQaec5EaRnc0pIeSnh9LUjj+PYQrJYBURvDt7twGl2PKA7nSN0kz1Zw5bnQ==",
        "dependencies": {
          "Microsoft.Build.Tasks.Git": "8.0.0",
          "Microsoft.SourceLink.Common": "8.0.0"
        }
      },
      "PowerShellStandard.Library": {
        "type": "Direct",
        "requested": "[5.1.1, )",
        "resolved": "5.1.1",
        "contentHash": "e31xJjG+Kjbv6YF3Yq6D4Dl3or8v7LrNF41k3CXrWozW6hR1zcOe5KYuZJaGSiAgLnwP8wcW+I3+IWEzMPZKXQ=="
      },
      "DSInternals.ManagedEsent.Interop": {
        "type": "Transitive",
        "resolved": "2.0.4.1",
        "contentHash": "WTcjhN/4l6C802QCBHctCZJZAGrVlI5TzVccS+P7s4axvfi0COjMEqHwhQJ4RdzsmblmemHAq4AQay/kc1e75Q=="
      },
      "DSInternals.ManagedEsent.Isam": {
        "type": "Transitive",
        "resolved": "2.0.4.1",
        "contentHash": "ttkkBm6GIEylpxSAepD5u9pR8uP1Kf87Fmr0G4f5pgFW5oXRBGWPr8UCitWkx4hdg6hqTV12+IGOTU0oVSaDRA==",
        "dependencies": {
          "DSInternals.ManagedEsent.Interop": "2.0.4.1"
        }
      },
      "Microsoft.Build.Tasks.Git": {
        "type": "Transitive",
        "resolved": "8.0.0",
        "contentHash": "bZKfSIKJRXLTuSzLudMFte/8CempWjVamNUR5eHJizsy+iuOuO/k2gnh7W0dHJmYY0tBf+gUErfluCv5mySAOQ=="
      },
      "Microsoft.SourceLink.Common": {
        "type": "Transitive",
        "resolved": "8.0.0",
        "contentHash": "dk9JPxTCIevS75HyEQ0E4OVAFhB2N+V9ShCXf8Q6FkUQZDkgLI12y679Nym1YqsiSysuQskT7Z+6nUf3yab6Vw=="
      },
      "Newtonsoft.Json": {
        "type": "Transitive",
        "resolved": "13.0.3",
        "contentHash": "HrC5BXdl00IP9zeV+0Z848QWPAoCr9P3bDEZguI+gkLcBKAOxix/tLEAAHC+UvDNPv4a2d18lOReHMOagPa+zQ=="
      },
      "PeterO.Cbor": {
        "type": "Transitive",
        "resolved": "4.5.5",
        "contentHash": "9fMcLg2SUm9ri1j3gVPYxk6+Ev4l4wu93bYwFG1tvntg1Qy4m0rFDdxStG88XR/W4DggOtBXfPVkC3bLF10nqw==",
        "dependencies": {
          "PeterO.Numbers": "1.8.2",
          "PeterO.URIUtility": "1.0.0"
        }
      },
      "PeterO.Numbers": {
        "type": "Transitive",
        "resolved": "1.8.2",
        "contentHash": "d+A5KLoWbwOTpvubPaGXLgCzANE00jXmsT+yneHwLe2OlobBBFLaIHyoDwmekuHM17z9hU++RF6mL+zZ2x69nA=="
      },
      "PeterO.URIUtility": {
        "type": "Transitive",
        "resolved": "1.0.0",
        "contentHash": "fpRTBsYACMp7NvTECauYRomubWTC3vUNw4hMXdIedP8ctBGK6tea9HOJwE+qVzis6MZYkL3LIs8qeY3rc6Jdlw=="
      },
      "System.Buffers": {
        "type": "Transitive",
        "resolved": "4.5.1",
        "contentHash": "Rw7ijyl1qqRS0YQD/WycNst8hUUMgrMH4FCn1nNm27M4VxchZ1js3fVjQaANHO5f3sN4isvP4a+Met9Y4YomAg=="
      },
      "System.Formats.Asn1": {
        "type": "Transitive",
        "resolved": "9.0.8",
        "contentHash": "gGL0gt2nAArsF2oOMFzClll6QN2FhtooTxEQ+K26uer4lrhahnYIo/qOn5HUSfjHlM91646L5/7dYIMJ86fHkQ==",
        "dependencies": {
          "System.Buffers": "4.5.1",
          "System.Memory": "4.5.5",
          "System.ValueTuple": "4.5.0"
        }
      },
      "System.Memory": {
        "type": "Transitive",
        "resolved": "4.5.5",
        "contentHash": "XIWiDvKPXaTveaB7HVganDlOCRoj03l+jrwNvcge/t8vhGYKvqV+dMv6G4SAX2NoNmN0wZfVPTAlFwZcZvVOUw==",
        "dependencies": {
          "System.Buffers": "4.5.1",
          "System.Numerics.Vectors": "4.5.0",
          "System.Runtime.CompilerServices.Unsafe": "4.5.3"
        }
      },
      "System.Numerics.Vectors": {
        "type": "Transitive",
        "resolved": "4.5.0",
        "contentHash": "QQTlPTl06J/iiDbJCiepZ4H//BVraReU4O4EoRw1U02H5TLUIT7xn3GnDp9AXPSlJUDyFs4uWjWafNX6WrAojQ=="
      },
      "System.Runtime.CompilerServices.Unsafe": {
        "type": "Transitive",
        "resolved": "4.5.3",
        "contentHash": "3TIsJhD1EiiT0w2CcDMN/iSSwnNnsrnbzeVHSKkaEgV85txMprmuO+Yq2AdSbeVGcg28pdNDTPK87tJhX7VFHw=="
      },
      "System.ValueTuple": {
        "type": "Transitive",
        "resolved": "4.6.1",
        "contentHash": "+RJT4qaekpZ7DDLhf+LTjq+E48jieKiY9ulJ+BoxKmZblIJfIJT8Ufcaa/clQqnYvWs8jugfGSMu8ylS0caG0w=="
      },
      "dsinternals.common": {
        "type": "Project",
        "dependencies": {
          "Newtonsoft.Json": "[13.0.3, )",
          "PeterO.Cbor": "[4.5.5, )",
          "System.Buffers": "[4.5.1, )",
          "System.Formats.Asn1": "[9.0.8, )",
          "System.Memory": "[4.5.5, )",
          "System.ValueTuple": "[4.6.1, )"
        }
      },
      "dsinternals.datastore": {
        "type": "Project",
        "dependencies": {
          "DSInternals.Common": "[5.5.0, )",
          "DSInternals.ManagedEsent.Interop": "[2.0.4.1, )",
          "DSInternals.ManagedEsent.Isam": "[2.0.4.1, )"
        }
      },
      "dsinternals.replication": {
        "type": "Project",
        "dependencies": {
          "DSInternals.Common": "[5.5.0, )"
        }
      },
      "dsinternals.replication.model": {
        "type": "Project",
        "dependencies": {
          "DSInternals.Common": "[5.5.0, )"
        }
      },
      "dsinternals.sam": {
        "type": "Project",
        "dependencies": {
          "DSInternals.Common": "[5.5.0, )"
        }
      }
    },
    "net8.0-windows7.0": {
      "Microsoft.SourceLink.GitHub": {
        "type": "Direct",
        "requested": "[8.0.0, )",
        "resolved": "8.0.0",
        "contentHash": "G5q7OqtwIyGTkeIOAc3u2ZuV/kicQaec5EaRnc0pIeSnh9LUjj+PYQrJYBURvDt7twGl2PKA7nSN0kz1Zw5bnQ==",
        "dependencies": {
          "Microsoft.Build.Tasks.Git": "8.0.0",
          "Microsoft.SourceLink.Common": "8.0.0"
        }
      },
      "Newtonsoft.Json": {
        "type": "Direct",
        "requested": "[13.0.3, )",
        "resolved": "13.0.3",
        "contentHash": "HrC5BXdl00IP9zeV+0Z848QWPAoCr9P3bDEZguI+gkLcBKAOxix/tLEAAHC+UvDNPv4a2d18lOReHMOagPa+zQ=="
      },
      "PowerShellStandard.Library": {
        "type": "Direct",
        "requested": "[5.1.1, )",
        "resolved": "5.1.1",
        "contentHash": "e31xJjG+Kjbv6YF3Yq6D4Dl3or8v7LrNF41k3CXrWozW6hR1zcOe5KYuZJaGSiAgLnwP8wcW+I3+IWEzMPZKXQ=="
      },
      "System.DirectoryServices": {
        "type": "Direct",
        "requested": "[9.0.8, )",
        "resolved": "9.0.8",
        "contentHash": "xN2JrOfhcOyswOflVZG27XlFJDPPqU7AQtAAStWcnKoC8W9XCLOLdAYIrrwiZMfeRhavVErI8HkSO/c2TQ+z2g=="
      },
      "DSInternals.ManagedEsent.Interop": {
        "type": "Transitive",
        "resolved": "2.0.4.1",
        "contentHash": "WTcjhN/4l6C802QCBHctCZJZAGrVlI5TzVccS+P7s4axvfi0COjMEqHwhQJ4RdzsmblmemHAq4AQay/kc1e75Q=="
      },
      "DSInternals.ManagedEsent.Isam": {
        "type": "Transitive",
        "resolved": "2.0.4.1",
        "contentHash": "ttkkBm6GIEylpxSAepD5u9pR8uP1Kf87Fmr0G4f5pgFW5oXRBGWPr8UCitWkx4hdg6hqTV12+IGOTU0oVSaDRA==",
        "dependencies": {
          "DSInternals.ManagedEsent.Interop": "2.0.4.1"
        }
      },
      "Microsoft.Build.Tasks.Git": {
        "type": "Transitive",
        "resolved": "8.0.0",
        "contentHash": "bZKfSIKJRXLTuSzLudMFte/8CempWjVamNUR5eHJizsy+iuOuO/k2gnh7W0dHJmYY0tBf+gUErfluCv5mySAOQ=="
      },
      "Microsoft.SourceLink.Common": {
        "type": "Transitive",
        "resolved": "8.0.0",
        "contentHash": "dk9JPxTCIevS75HyEQ0E4OVAFhB2N+V9ShCXf8Q6FkUQZDkgLI12y679Nym1YqsiSysuQskT7Z+6nUf3yab6Vw=="
      },
      "PeterO.Cbor": {
        "type": "Transitive",
        "resolved": "4.5.5",
        "contentHash": "9fMcLg2SUm9ri1j3gVPYxk6+Ev4l4wu93bYwFG1tvntg1Qy4m0rFDdxStG88XR/W4DggOtBXfPVkC3bLF10nqw==",
        "dependencies": {
          "PeterO.Numbers": "1.8.2",
          "PeterO.URIUtility": "1.0.0"
        }
      },
      "PeterO.Numbers": {
        "type": "Transitive",
        "resolved": "1.8.2",
        "contentHash": "d+A5KLoWbwOTpvubPaGXLgCzANE00jXmsT+yneHwLe2OlobBBFLaIHyoDwmekuHM17z9hU++RF6mL+zZ2x69nA=="
      },
      "PeterO.URIUtility": {
        "type": "Transitive",
        "resolved": "1.0.0",
        "contentHash": "fpRTBsYACMp7NvTECauYRomubWTC3vUNw4hMXdIedP8ctBGK6tea9HOJwE+qVzis6MZYkL3LIs8qeY3rc6Jdlw=="
      },
      "dsinternals.common": {
        "type": "Project",
        "dependencies": {
          "Newtonsoft.Json": "[13.0.3, )",
          "PeterO.Cbor": "[4.5.5, )",
          "System.DirectoryServices": "[9.0.8, )"
        }
      },
      "dsinternals.datastore": {
        "type": "Project",
        "dependencies": {
          "DSInternals.Common": "[5.5.0, )",
          "DSInternals.ManagedEsent.Interop": "[2.0.4.1, )",
          "DSInternals.ManagedEsent.Isam": "[2.0.4.1, )"
        }
      },
      "dsinternals.replication": {
        "type": "Project",
        "dependencies": {
          "DSInternals.Common": "[5.5.0, )"
        }
      },
      "dsinternals.replication.model": {
        "type": "Project",
        "dependencies": {
          "DSInternals.Common": "[5.5.0, )"
        }
      },
      "dsinternals.sam": {
        "type": "Project",
        "dependencies": {
          "DSInternals.Common": "[5.5.0, )"
        }
      }
    }
  }
}