
Microsoft Visual Studio Solution File, Format Version 12.00
# Visual Studio Version 17
VisualStudioVersion = 17.5.33627.172
MinimumVisualStudioVersion = 10.0.40219.1
Project("{FAE04EC0-301F-11D3-BF4B-00C04F79EFBC}") = "DSInternals.PowerShell", "DSInternals.PowerShell\DSInternals.PowerShell.csproj", "{C7EECC1F-1F9C-400B-A981-A8106E2A75F7}"
EndProject
Project("{FAE04EC0-301F-11D3-BF4B-00C04F79EFBC}") = "DSInternals.SAM", "DSInternals.SAM\DSInternals.SAM.csproj", "{924F67C0-8FFF-4714-891A-FC0799F46727}"
EndProject
Project("{FAE04EC0-301F-11D3-BF4B-00C04F79EFBC}") = "DSInternals.Common", "DSInternals.Common\DSInternals.Common.csproj", "{7D47F040-D3A9-43CA-9F69-EF91FAF2C23A}"
EndProject
Project("{FAE04EC0-301F-11D3-BF4B-00C04F79EFBC}") = "DSInternals.DataStore", "DSInternals.DataStore\DSInternals.DataStore.csproj", "{8A857B97-1BE0-4BAE-A4E8-DEE870858BFD}"
EndProject
Project("{FAE04EC0-301F-11D3-BF4B-00C04F79EFBC}") = "DSInternals.Common.Test", "DSInternals.Common.Test\DSInternals.Common.Test.csproj", "{744163E3-AEDA-407C-A917-7C406977B4B8}"
EndProject
Project("{FAE04EC0-301F-11D3-BF4B-00C04F79EFBC}") = "DSInternals.DataStore.Test", "DSInternals.DataStore.Test\DSInternals.DataStore.Test.csproj", "{91377A6C-52EE-4267-9D6A-1475E2183648}"
EndProject
Project("{8BC9CEB8-8B4A-11D0-8D11-00A0C91BC942}") = "DSInternals.Replication.Interop.NetFramework", "DSInternals.Replication.Interop\NetFramework\DSInternals.Replication.Interop.NetFramework.vcxproj", "{A70A6658-DD67-4C73-AB9A-581465137C6B}"
EndProject
Project("{FAE04EC0-301F-11D3-BF4B-00C04F79EFBC}") = "DSInternals.Replication.Model", "DSInternals.Replication.Model\DSInternals.Replication.Model.csproj", "{0BCA513C-5F12-48B6-8288-D3A95EC2994A}"
EndProject
Project("{FAE04EC0-301F-11D3-BF4B-00C04F79EFBC}") = "DSInternals.Replication", "DSInternals.Replication\DSInternals.Replication.csproj", "{2EE0D48F-65BA-4D4F-A8E1-FC01349BA786}"
EndProject
Project("{FAE04EC0-301F-11D3-BF4B-00C04F79EFBC}") = "DSInternals.Replication.Test", "DSInternals.Replication.Test\DSInternals.Replication.Test.csproj", "{11DB6E06-E5E4-4612-9062-0B8E68099880}"
EndProject
Project("{2150E333-8FDC-42A3-9474-1A3956D46DE8}") = "Scripts", "Scripts", "{A6D948F4-1847-47B5-8997-83EEBD971892}"
	ProjectSection(SolutionItems) = preProject
		..\Scripts\Build-Solution.ps1 = ..\Scripts\Build-Solution.ps1
		..\Scripts\Get-TestData.ps1 = ..\Scripts\Get-TestData.ps1
		..\Scripts\Invoke-SmokeTests.ps1 = ..\Scripts\Invoke-SmokeTests.ps1
		..\Scripts\Make.ps1 = ..\Scripts\Make.ps1
		..\Scripts\Pack-Chocolatey.ps1 = ..\Scripts\Pack-Chocolatey.ps1
		..\Scripts\Pack-NuGetPackages.ps1 = ..\Scripts\Pack-NuGetPackages.ps1
		..\Scripts\Pack-PSModule.ps1 = ..\Scripts\Pack-PSModule.ps1
		..\Scripts\Publish-Chocolatey.ps1 = ..\Scripts\Publish-Chocolatey.ps1
		..\Scripts\Publish-NuGetPackages.ps1 = ..\Scripts\Publish-NuGetPackages.ps1
		..\Scripts\Publish-PSModule.ps1 = ..\Scripts\Publish-PSModule.ps1
		..\Scripts\Run-Tests.ps1 = ..\Scripts\Run-Tests.ps1
		..\Scripts\Update-Licenses.ps1 = ..\Scripts\Update-Licenses.ps1
		..\Scripts\Update-PSHelp.ps1 = ..\Scripts\Update-PSHelp.ps1
	EndProjectSection
EndProject
Project("{2150E333-8FDC-42A3-9474-1A3956D46DE8}") = "Documentation", "Documentation", "{9735D030-AEE6-415A-BF03-074076FF776A}"
	ProjectSection(SolutionItems) = preProject
		..\Documentation\CHANGELOG.md = ..\Documentation\CHANGELOG.md
		..\.github\CONTRIBUTING.md = ..\.github\CONTRIBUTING.md
		..\.github\README.md = ..\.github\README.md
	EndProjectSection
EndProject
Project("{FAE04EC0-301F-11D3-BF4B-00C04F79EFBC}") = "DSInternals.Replication.Model.Test", "DSInternals.Replication.Model.Test\DSInternals.Replication.Model.Test.csproj", "{B7E02A94-DA21-4302-82A6-2D4B7F279F21}"
EndProject
Project("{FAE04EC0-301F-11D3-BF4B-00C04F79EFBC}") = "DSInternals.SAM.Test", "DSInternals.SAM.Test\DSInternals.SAM.Test.csproj", "{7420D8C2-14BE-40F2-B724-A88D27BC6743}"
EndProject
Project("{8BC9CEB8-8B4A-11D0-8D11-00A0C91BC942}") = "DSInternals.Replication.Interop.Shared", "DSInternals.Replication.Interop\DSInternals.Replication.Interop.Shared.vcxitems", "{6DB099B7-3BE2-4365-ABC3-3C857B8FE640}"
EndProject
Project("{8BC9CEB8-8B4A-11D0-8D11-00A0C91BC942}") = "DSInternals.Replication.Interop.NetCore", "DSInternals.Replication.Interop\NetCore\DSInternals.Replication.Interop.NetCore.vcxproj", "{44BB40BB-ADF9-8979-002B-BD149FDBBEA0}"
EndProject
Global
	GlobalSection(SolutionConfigurationPlatforms) = preSolution
		Debug|ARM64 = Debug|ARM64
		Debug|Win32 = Debug|Win32
		Debug|x64 = Debug|x64
		Release|ARM64 = Release|ARM64
		Release|Win32 = Release|Win32
		Release|x64 = Release|x64
	EndGlobalSection
	GlobalSection(ProjectConfigurationPlatforms) = postSolution
		{C7EECC1F-1F9C-400B-A981-A8106E2A75F7}.Debug|ARM64.ActiveCfg = Debug|Any CPU
		{C7EECC1F-1F9C-400B-A981-A8106E2A75F7}.Debug|ARM64.Build.0 = Debug|Any CPU
		{C7EECC1F-1F9C-400B-A981-A8106E2A75F7}.Debug|Win32.ActiveCfg = Debug|Any CPU
		{C7EECC1F-1F9C-400B-A981-A8106E2A75F7}.Debug|Win32.Build.0 = Debug|Any CPU
		{C7EECC1F-1F9C-400B-A981-A8106E2A75F7}.Debug|x64.ActiveCfg = Debug|Any CPU
		{C7EECC1F-1F9C-400B-A981-A8106E2A75F7}.Debug|x64.Build.0 = Debug|Any CPU
		{C7EECC1F-1F9C-400B-A981-A8106E2A75F7}.Release|ARM64.ActiveCfg = Release|Any CPU
		{C7EECC1F-1F9C-400B-A981-A8106E2A75F7}.Release|Win32.ActiveCfg = Release|Any CPU
		{C7EECC1F-1F9C-400B-A981-A8106E2A75F7}.Release|x64.ActiveCfg = Release|Any CPU
		{C7EECC1F-1F9C-400B-A981-A8106E2A75F7}.Release|x64.Build.0 = Release|Any CPU
		{924F67C0-8FFF-4714-891A-FC0799F46727}.Debug|ARM64.ActiveCfg = Debug|Any CPU
		{924F67C0-8FFF-4714-891A-FC0799F46727}.Debug|ARM64.Build.0 = Debug|Any CPU
		{924F67C0-8FFF-4714-891A-FC0799F46727}.Debug|Win32.ActiveCfg = Debug|Any CPU
		{924F67C0-8FFF-4714-891A-FC0799F46727}.Debug|Win32.Build.0 = Debug|Any CPU
		{924F67C0-8FFF-4714-891A-FC0799F46727}.Debug|x64.ActiveCfg = Debug|Any CPU
		{924F67C0-8FFF-4714-891A-FC0799F46727}.Debug|x64.Build.0 = Debug|Any CPU
		{924F67C0-8FFF-4714-891A-FC0799F46727}.Release|ARM64.ActiveCfg = Release|Any CPU
		{924F67C0-8FFF-4714-891A-FC0799F46727}.Release|Win32.ActiveCfg = Release|Any CPU
		{924F67C0-8FFF-4714-891A-FC0799F46727}.Release|x64.ActiveCfg = Release|Any CPU
		{924F67C0-8FFF-4714-891A-FC0799F46727}.Release|x64.Build.0 = Release|Any CPU
		{7D47F040-D3A9-43CA-9F69-EF91FAF2C23A}.Debug|ARM64.ActiveCfg = Debug|Any CPU
		{7D47F040-D3A9-43CA-9F69-EF91FAF2C23A}.Debug|ARM64.Build.0 = Debug|Any CPU
		{7D47F040-D3A9-43CA-9F69-EF91FAF2C23A}.Debug|Win32.ActiveCfg = Debug|Any CPU
		{7D47F040-D3A9-43CA-9F69-EF91FAF2C23A}.Debug|Win32.Build.0 = Debug|Any CPU
		{7D47F040-D3A9-43CA-9F69-EF91FAF2C23A}.Debug|x64.ActiveCfg = Debug|Any CPU
		{7D47F040-D3A9-43CA-9F69-EF91FAF2C23A}.Debug|x64.Build.0 = Debug|Any CPU
		{7D47F040-D3A9-43CA-9F69-EF91FAF2C23A}.Release|ARM64.ActiveCfg = Release|Any CPU
		{7D47F040-D3A9-43CA-9F69-EF91FAF2C23A}.Release|ARM64.Build.0 = Release|Any CPU
		{7D47F040-D3A9-43CA-9F69-EF91FAF2C23A}.Release|Win32.ActiveCfg = Release|Any CPU
		{7D47F040-D3A9-43CA-9F69-EF91FAF2C23A}.Release|Win32.Build.0 = Release|Any CPU
		{7D47F040-D3A9-43CA-9F69-EF91FAF2C23A}.Release|x64.ActiveCfg = Release|Any CPU
		{7D47F040-D3A9-43CA-9F69-EF91FAF2C23A}.Release|x64.Build.0 = Release|Any CPU
		{8A857B97-1BE0-4BAE-A4E8-DEE870858BFD}.Debug|ARM64.ActiveCfg = Debug|Any CPU
		{8A857B97-1BE0-4BAE-A4E8-DEE870858BFD}.Debug|ARM64.Build.0 = Debug|Any CPU
		{8A857B97-1BE0-4BAE-A4E8-DEE870858BFD}.Debug|Win32.ActiveCfg = Debug|Any CPU
		{8A857B97-1BE0-4BAE-A4E8-DEE870858BFD}.Debug|Win32.Build.0 = Debug|Any CPU
		{8A857B97-1BE0-4BAE-A4E8-DEE870858BFD}.Debug|x64.ActiveCfg = Debug|Any CPU
		{8A857B97-1BE0-4BAE-A4E8-DEE870858BFD}.Debug|x64.Build.0 = Debug|Any CPU
		{8A857B97-1BE0-4BAE-A4E8-DEE870858BFD}.Release|ARM64.ActiveCfg = Release|Any CPU
		{8A857B97-1BE0-4BAE-A4E8-DEE870858BFD}.Release|Win32.ActiveCfg = Release|Any CPU
		{8A857B97-1BE0-4BAE-A4E8-DEE870858BFD}.Release|x64.ActiveCfg = Release|Any CPU
		{8A857B97-1BE0-4BAE-A4E8-DEE870858BFD}.Release|x64.Build.0 = Release|Any CPU
		{744163E3-AEDA-407C-A917-7C406977B4B8}.Debug|ARM64.ActiveCfg = Debug|Any CPU
		{744163E3-AEDA-407C-A917-7C406977B4B8}.Debug|ARM64.Build.0 = Debug|Any CPU
		{744163E3-AEDA-407C-A917-7C406977B4B8}.Debug|Win32.ActiveCfg = Debug|Any CPU
		{744163E3-AEDA-407C-A917-7C406977B4B8}.Debug|Win32.Build.0 = Debug|Any CPU
		{744163E3-AEDA-407C-A917-7C406977B4B8}.Debug|x64.ActiveCfg = Debug|Any CPU
		{744163E3-AEDA-407C-A917-7C406977B4B8}.Debug|x64.Build.0 = Debug|Any CPU
		{744163E3-AEDA-407C-A917-7C406977B4B8}.Release|ARM64.ActiveCfg = Release|Any CPU
		{744163E3-AEDA-407C-A917-7C406977B4B8}.Release|Win32.ActiveCfg = Release|Any CPU
		{744163E3-AEDA-407C-A917-7C406977B4B8}.Release|x64.ActiveCfg = Release|Any CPU
		{91377A6C-52EE-4267-9D6A-1475E2183648}.Debug|ARM64.ActiveCfg = Debug|Any CPU
		{91377A6C-52EE-4267-9D6A-1475E2183648}.Debug|ARM64.Build.0 = Debug|Any CPU
		{91377A6C-52EE-4267-9D6A-1475E2183648}.Debug|Win32.ActiveCfg = Debug|Any CPU
		{91377A6C-52EE-4267-9D6A-1475E2183648}.Debug|Win32.Build.0 = Debug|Any CPU
		{91377A6C-52EE-4267-9D6A-1475E2183648}.Debug|x64.ActiveCfg = Debug|Any CPU
		{91377A6C-52EE-4267-9D6A-1475E2183648}.Debug|x64.Build.0 = Debug|Any CPU
		{91377A6C-52EE-4267-9D6A-1475E2183648}.Release|ARM64.ActiveCfg = Release|Any CPU
		{91377A6C-52EE-4267-9D6A-1475E2183648}.Release|Win32.ActiveCfg = Release|Any CPU
		{91377A6C-52EE-4267-9D6A-1475E2183648}.Release|x64.ActiveCfg = Release|Any CPU
		{A70A6658-DD67-4C73-AB9A-581465137C6B}.Debug|ARM64.ActiveCfg = Debug|ARM
		{A70A6658-DD67-4C73-AB9A-581465137C6B}.Debug|ARM64.Build.0 = Debug|ARM
		{A70A6658-DD67-4C73-AB9A-581465137C6B}.Debug|Win32.ActiveCfg = Debug|Win32
		{A70A6658-DD67-4C73-AB9A-581465137C6B}.Debug|Win32.Build.0 = Debug|Win32
		{A70A6658-DD67-4C73-AB9A-581465137C6B}.Debug|x64.ActiveCfg = Debug|x64
		{A70A6658-DD67-4C73-AB9A-581465137C6B}.Debug|x64.Build.0 = Debug|x64
		{A70A6658-DD67-4C73-AB9A-581465137C6B}.Release|ARM64.ActiveCfg = Release|ARM64
		{A70A6658-DD67-4C73-AB9A-581465137C6B}.Release|ARM64.Build.0 = Release|ARM64
		{A70A6658-DD67-4C73-AB9A-581465137C6B}.Release|Win32.ActiveCfg = Release|Win32
		{A70A6658-DD67-4C73-AB9A-581465137C6B}.Release|Win32.Build.0 = Release|Win32
		{A70A6658-DD67-4C73-AB9A-581465137C6B}.Release|x64.ActiveCfg = Release|x64
		{A70A6658-DD67-4C73-AB9A-581465137C6B}.Release|x64.Build.0 = Release|x64
		{0BCA513C-5F12-48B6-8288-D3A95EC2994A}.Debug|ARM64.ActiveCfg = Debug|Any CPU
		{0BCA513C-5F12-48B6-8288-D3A95EC2994A}.Debug|ARM64.Build.0 = Debug|Any CPU
		{0BCA513C-5F12-48B6-8288-D3A95EC2994A}.Debug|Win32.ActiveCfg = Debug|Any CPU
		{0BCA513C-5F12-48B6-8288-D3A95EC2994A}.Debug|Win32.Build.0 = Debug|Any CPU
		{0BCA513C-5F12-48B6-8288-D3A95EC2994A}.Debug|x64.ActiveCfg = Debug|Any CPU
		{0BCA513C-5F12-48B6-8288-D3A95EC2994A}.Debug|x64.Build.0 = Debug|Any CPU
		{0BCA513C-5F12-48B6-8288-D3A95EC2994A}.Release|ARM64.ActiveCfg = Release|Any CPU
		{0BCA513C-5F12-48B6-8288-D3A95EC2994A}.Release|ARM64.Build.0 = Release|Any CPU
		{0BCA513C-5F12-48B6-8288-D3A95EC2994A}.Release|Win32.ActiveCfg = Release|Any CPU
		{0BCA513C-5F12-48B6-8288-D3A95EC2994A}.Release|Win32.Build.0 = Release|Any CPU
		{0BCA513C-5F12-48B6-8288-D3A95EC2994A}.Release|x64.ActiveCfg = Release|Any CPU
		{0BCA513C-5F12-48B6-8288-D3A95EC2994A}.Release|x64.Build.0 = Release|Any CPU
		{2EE0D48F-65BA-4D4F-A8E1-FC01349BA786}.Debug|ARM64.ActiveCfg = Debug|Any CPU
		{2EE0D48F-65BA-4D4F-A8E1-FC01349BA786}.Debug|ARM64.Build.0 = Debug|Any CPU
		{2EE0D48F-65BA-4D4F-A8E1-FC01349BA786}.Debug|Win32.ActiveCfg = Debug|Any CPU
		{2EE0D48F-65BA-4D4F-A8E1-FC01349BA786}.Debug|Win32.Build.0 = Debug|Any CPU
		{2EE0D48F-65BA-4D4F-A8E1-FC01349BA786}.Debug|x64.ActiveCfg = Debug|Any CPU
		{2EE0D48F-65BA-4D4F-A8E1-FC01349BA786}.Debug|x64.Build.0 = Debug|Any CPU
		{2EE0D48F-65BA-4D4F-A8E1-FC01349BA786}.Release|ARM64.ActiveCfg = Release|Any CPU
		{2EE0D48F-65BA-4D4F-A8E1-FC01349BA786}.Release|Win32.ActiveCfg = Release|Any CPU
		{2EE0D48F-65BA-4D4F-A8E1-FC01349BA786}.Release|x64.ActiveCfg = Release|Any CPU
		{2EE0D48F-65BA-4D4F-A8E1-FC01349BA786}.Release|x64.Build.0 = Release|Any CPU
		{11DB6E06-E5E4-4612-9062-0B8E68099880}.Debug|ARM64.ActiveCfg = Debug|Any CPU
		{11DB6E06-E5E4-4612-9062-0B8E68099880}.Debug|ARM64.Build.0 = Debug|Any CPU
		{11DB6E06-E5E4-4612-9062-0B8E68099880}.Debug|Win32.ActiveCfg = Debug|Any CPU
		{11DB6E06-E5E4-4612-9062-0B8E68099880}.Debug|Win32.Build.0 = Debug|Any CPU
		{11DB6E06-E5E4-4612-9062-0B8E68099880}.Debug|x64.ActiveCfg = Debug|Any CPU
		{11DB6E06-E5E4-4612-9062-0B8E68099880}.Debug|x64.Build.0 = Debug|Any CPU
		{11DB6E06-E5E4-4612-9062-0B8E68099880}.Release|ARM64.ActiveCfg = Release|Any CPU
		{11DB6E06-E5E4-4612-9062-0B8E68099880}.Release|Win32.ActiveCfg = Release|Any CPU
		{11DB6E06-E5E4-4612-9062-0B8E68099880}.Release|x64.ActiveCfg = Release|Any CPU
		{B7E02A94-DA21-4302-82A6-2D4B7F279F21}.Debug|ARM64.ActiveCfg = Debug|Any CPU
		{B7E02A94-DA21-4302-82A6-2D4B7F279F21}.Debug|ARM64.Build.0 = Debug|Any CPU
		{B7E02A94-DA21-4302-82A6-2D4B7F279F21}.Debug|Win32.ActiveCfg = Debug|Any CPU
		{B7E02A94-DA21-4302-82A6-2D4B7F279F21}.Debug|Win32.Build.0 = Debug|Any CPU
		{B7E02A94-DA21-4302-82A6-2D4B7F279F21}.Debug|x64.ActiveCfg = Debug|Any CPU
		{B7E02A94-DA21-4302-82A6-2D4B7F279F21}.Debug|x64.Build.0 = Debug|Any CPU
		{B7E02A94-DA21-4302-82A6-2D4B7F279F21}.Release|ARM64.ActiveCfg = Release|Any CPU
		{B7E02A94-DA21-4302-82A6-2D4B7F279F21}.Release|Win32.ActiveCfg = Release|Any CPU
		{B7E02A94-DA21-4302-82A6-2D4B7F279F21}.Release|x64.ActiveCfg = Release|Any CPU
		{7420D8C2-14BE-40F2-B724-A88D27BC6743}.Debug|ARM64.ActiveCfg = Debug|Any CPU
		{7420D8C2-14BE-40F2-B724-A88D27BC6743}.Debug|ARM64.Build.0 = Debug|Any CPU
		{7420D8C2-14BE-40F2-B724-A88D27BC6743}.Debug|Win32.ActiveCfg = Debug|Any CPU
		{7420D8C2-14BE-40F2-B724-A88D27BC6743}.Debug|Win32.Build.0 = Debug|Any CPU
		{7420D8C2-14BE-40F2-B724-A88D27BC6743}.Debug|x64.ActiveCfg = Debug|Any CPU
		{7420D8C2-14BE-40F2-B724-A88D27BC6743}.Debug|x64.Build.0 = Debug|Any CPU
		{7420D8C2-14BE-40F2-B724-A88D27BC6743}.Release|ARM64.ActiveCfg = Release|Any CPU
		{7420D8C2-14BE-40F2-B724-A88D27BC6743}.Release|Win32.ActiveCfg = Release|Any CPU
		{7420D8C2-14BE-40F2-B724-A88D27BC6743}.Release|x64.ActiveCfg = Release|Any CPU
		{44BB40BB-ADF9-8979-002B-BD149FDBBEA0}.Debug|ARM64.ActiveCfg = Debug|ARM
		{44BB40BB-ADF9-8979-002B-BD149FDBBEA0}.Debug|ARM64.Build.0 = Debug|ARM
		{44BB40BB-ADF9-8979-002B-BD149FDBBEA0}.Debug|Win32.ActiveCfg = Debug|Win32
		{44BB40BB-ADF9-8979-002B-BD149FDBBEA0}.Debug|Win32.Build.0 = Debug|Win32
		{44BB40BB-ADF9-8979-002B-BD149FDBBEA0}.Debug|x64.ActiveCfg = Debug|x64
		{44BB40BB-ADF9-8979-002B-BD149FDBBEA0}.Debug|x64.Build.0 = Debug|x64
		{44BB40BB-ADF9-8979-002B-BD149FDBBEA0}.Release|ARM64.ActiveCfg = Release|ARM64
		{44BB40BB-ADF9-8979-002B-BD149FDBBEA0}.Release|Win32.ActiveCfg = Release|Win32
		{44BB40BB-ADF9-8979-002B-BD149FDBBEA0}.Release|Win32.Build.0 = Release|Win32
		{44BB40BB-ADF9-8979-002B-BD149FDBBEA0}.Release|x64.ActiveCfg = Release|x64
		{44BB40BB-ADF9-8979-002B-BD149FDBBEA0}.Release|x64.Build.0 = Release|x64
	EndGlobalSection
	GlobalSection(SolutionProperties) = preSolution
		HideSolutionNode = FALSE
	EndGlobalSection
	GlobalSection(ExtensibilityGlobals) = postSolution
		SolutionGuid = {20AC2CF5-7C26-407B-B0A5-1BDE0FABABA8}
	EndGlobalSection
	GlobalSection(SharedMSBuildProjectFiles) = preSolution
		DSInternals.Replication.Interop\DSInternals.Replication.Interop.Shared.vcxitems*{44bb40bb-adf9-8979-002b-bd149fdbbea0}*SharedItemsImports = 4
		DSInternals.Replication.Interop\DSInternals.Replication.Interop.Shared.vcxitems*{6db099b7-3be2-4365-abc3-3c857b8fe640}*SharedItemsImports = 9
		DSInternals.Replication.Interop\DSInternals.Replication.Interop.Shared.vcxitems*{a70a6658-dd67-4c73-ab9a-581465137c6b}*SharedItemsImports = 4
	EndGlobalSection
EndGlobal
